// !$*UTF8*$!
{
	archiveVersion = 1;
	classes = {
	};
	objectVersion = 46;
	objects = {

/* Begin PBXBuildFile section */
		962B51D91DB80D3F00A5E341 /* FlickrClient.swift in Sources */ = {isa = PBXBuildFile; fileRef = 962B51D81DB80D3F00A5E341 /* FlickrClient.swift */; };
		966155861DB51BBD00BF0F98 /* AppDelegate.swift in Sources */ = {isa = PBXBuildFile; fileRef = 966155851DB51BBD00BF0F98 /* AppDelegate.swift */; };
		966155881DB51BBD00BF0F98 /* ViewController.swift in Sources */ = {isa = PBXBuildFile; fileRef = 966155871DB51BBD00BF0F98 /* ViewController.swift */; };
		9661558B1DB51BBD00BF0F98 /* Main.storyboard in Resources */ = {isa = PBXBuildFile; fileRef = 966155891DB51BBD00BF0F98 /* Main.storyboard */; };
		9661558D1DB51BBD00BF0F98 /* Assets.xcassets in Resources */ = {isa = PBXBuildFile; fileRef = 9661558C1DB51BBD00BF0F98 /* Assets.xcassets */; };
		966155901DB51BBD00BF0F98 /* LaunchScreen.storyboard in Resources */ = {isa = PBXBuildFile; fileRef = 9661558E1DB51BBD00BF0F98 /* LaunchScreen.storyboard */; };
		9661559B1DB51BBD00BF0F98 /* VirtualTouristTests.swift in Sources */ = {isa = PBXBuildFile; fileRef = 9661559A1DB51BBD00BF0F98 /* VirtualTouristTests.swift */; };
		966155AA1DB5282800BF0F98 /* AppConstants.swift in Sources */ = {isa = PBXBuildFile; fileRef = 966155A91DB5282800BF0F98 /* AppConstants.swift */; };
		966155AC1DB5286F00BF0F98 /* Config.swift in Sources */ = {isa = PBXBuildFile; fileRef = 966155AB1DB5286F00BF0F98 /* Config.swift */; };
		966155AE1DB5522B00BF0F98 /* TravelLocationsViewController.swift in Sources */ = {isa = PBXBuildFile; fileRef = 966155AD1DB5522B00BF0F98 /* TravelLocationsViewController.swift */; };
		966155B01DB5524600BF0F98 /* PhotoAlbumViewController.swift in Sources */ = {isa = PBXBuildFile; fileRef = 966155AF1DB5524600BF0F98 /* PhotoAlbumViewController.swift */; };
/* End PBXBuildFile section */

/* Begin PBXContainerItemProxy section */
		966155971DB51BBD00BF0F98 /* PBXContainerItemProxy */ = {
			isa = PBXContainerItemProxy;
			containerPortal = 9661557A1DB51BBC00BF0F98 /* Project object */;
			proxyType = 1;
			remoteGlobalIDString = 966155811DB51BBC00BF0F98;
			remoteInfo = VirtualTourist;
		};
/* End PBXContainerItemProxy section */

/* Begin PBXFileReference section */
		962B51D81DB80D3F00A5E341 /* FlickrClient.swift */ = {isa = PBXFileReference; fileEncoding = 4; lastKnownFileType = sourcecode.swift; path = FlickrClient.swift; sourceTree = "<group>"; };
		966155821DB51BBD00BF0F98 /* VirtualTourist.app */ = {isa = PBXFileReference; explicitFileType = wrapper.application; includeInIndex = 0; path = VirtualTourist.app; sourceTree = BUILT_PRODUCTS_DIR; };
		966155851DB51BBD00BF0F98 /* AppDelegate.swift */ = {isa = PBXFileReference; lastKnownFileType = sourcecode.swift; path = AppDelegate.swift; sourceTree = "<group>"; };
		966155871DB51BBD00BF0F98 /* ViewController.swift */ = {isa = PBXFileReference; lastKnownFileType = sourcecode.swift; path = ViewController.swift; sourceTree = "<group>"; };
		9661558A1DB51BBD00BF0F98 /* Base */ = {isa = PBXFileReference; lastKnownFileType = file.storyboard; name = Base; path = Base.lproj/Main.storyboard; sourceTree = "<group>"; };
		9661558C1DB51BBD00BF0F98 /* Assets.xcassets */ = {isa = PBXFileReference; lastKnownFileType = folder.assetcatalog; path = Assets.xcassets; sourceTree = "<group>"; };
		9661558F1DB51BBD00BF0F98 /* Base */ = {isa = PBXFileReference; lastKnownFileType = file.storyboard; name = Base; path = Base.lproj/LaunchScreen.storyboard; sourceTree = "<group>"; };
		966155911DB51BBD00BF0F98 /* Info.plist */ = {isa = PBXFileReference; lastKnownFileType = text.plist.xml; path = Info.plist; sourceTree = "<group>"; };
		966155961DB51BBD00BF0F98 /* VirtualTouristTests.xctest */ = {isa = PBXFileReference; explicitFileType = wrapper.cfbundle; includeInIndex = 0; path = VirtualTouristTests.xctest; sourceTree = BUILT_PRODUCTS_DIR; };
		9661559A1DB51BBD00BF0F98 /* VirtualTouristTests.swift */ = {isa = PBXFileReference; lastKnownFileType = sourcecode.swift; path = VirtualTouristTests.swift; sourceTree = "<group>"; };
		9661559C1DB51BBD00BF0F98 /* Info.plist */ = {isa = PBXFileReference; lastKnownFileType = text.plist.xml; path = Info.plist; sourceTree = "<group>"; };
		966155A91DB5282800BF0F98 /* AppConstants.swift */ = {isa = PBXFileReference; fileEncoding = 4; lastKnownFileType = sourcecode.swift; path = AppConstants.swift; sourceTree = "<group>"; };
		966155AB1DB5286F00BF0F98 /* Config.swift */ = {isa = PBXFileReference; fileEncoding = 4; lastKnownFileType = sourcecode.swift; path = Config.swift; sourceTree = "<group>"; };
		966155AD1DB5522B00BF0F98 /* TravelLocationsViewController.swift */ = {isa = PBXFileReference; fileEncoding = 4; lastKnownFileType = sourcecode.swift; path = TravelLocationsViewController.swift; sourceTree = "<group>"; };
		966155AF1DB5524600BF0F98 /* PhotoAlbumViewController.swift */ = {isa = PBXFileReference; fileEncoding = 4; lastKnownFileType = sourcecode.swift; path = PhotoAlbumViewController.swift; sourceTree = "<group>"; };
/* End PBXFileReference section */

/* Begin PBXFrameworksBuildPhase section */
		9661557F1DB51BBC00BF0F98 /* Frameworks */ = {
			isa = PBXFrameworksBuildPhase;
			buildActionMask = 2147483647;
			files = (
			);
			runOnlyForDeploymentPostprocessing = 0;
		};
		966155931DB51BBD00BF0F98 /* Frameworks */ = {
			isa = PBXFrameworksBuildPhase;
			buildActionMask = 2147483647;
			files = (
			);
			runOnlyForDeploymentPostprocessing = 0;
		};
/* End PBXFrameworksBuildPhase section */

/* Begin PBXGroup section */
		962B51D61DB80D2500A5E341 /* CoreData */ = {
			isa = PBXGroup;
			children = (
			);
			name = CoreData;
			sourceTree = "<group>";
		};
		962B51D71DB80D2C00A5E341 /* Networking */ = {
			isa = PBXGroup;
			children = (
				962B51D81DB80D3F00A5E341 /* FlickrClient.swift */,
			);
			name = Networking;
			sourceTree = "<group>";
		};
		966155791DB51BBC00BF0F98 = {
			isa = PBXGroup;
			children = (
				966155841DB51BBD00BF0F98 /* VirtualTourist */,
				966155991DB51BBD00BF0F98 /* VirtualTouristTests */,
				966155831DB51BBD00BF0F98 /* Products */,
			);
			sourceTree = "<group>";
		};
		966155831DB51BBD00BF0F98 /* Products */ = {
			isa = PBXGroup;
			children = (
				966155821DB51BBD00BF0F98 /* VirtualTourist.app */,
				966155961DB51BBD00BF0F98 /* VirtualTouristTests.xctest */,
			);
			name = Products;
			sourceTree = "<group>";
		};
		966155841DB51BBD00BF0F98 /* VirtualTourist */ = {
			isa = PBXGroup;
			children = (
				966155A71DB527D400BF0F98 /* Controller */,
				966155A61DB527CF00BF0F98 /* View */,
				966155A51DB527C900BF0F98 /* Model */,
			);
			path = VirtualTourist;
			sourceTree = "<group>";
		};
		966155991DB51BBD00BF0F98 /* VirtualTouristTests */ = {
			isa = PBXGroup;
			children = (
				9661559A1DB51BBD00BF0F98 /* VirtualTouristTests.swift */,
				9661559C1DB51BBD00BF0F98 /* Info.plist */,
			);
			path = VirtualTouristTests;
			sourceTree = "<group>";
		};
		966155A51DB527C900BF0F98 /* Model */ = {
			isa = PBXGroup;
			children = (
				962B51D71DB80D2C00A5E341 /* Networking */,
				962B51D61DB80D2500A5E341 /* CoreData */,
				966155AB1DB5286F00BF0F98 /* Config.swift */,
				966155A81DB527DA00BF0F98 /* Assets */,
				966155851DB51BBD00BF0F98 /* AppDelegate.swift */,
				966155A91DB5282800BF0F98 /* AppConstants.swift */,
			);
			name = Model;
			sourceTree = "<group>";
		};
		966155A61DB527CF00BF0F98 /* View */ = {
			isa = PBXGroup;
			children = (
				966155891DB51BBD00BF0F98 /* Main.storyboard */,
				9661558E1DB51BBD00BF0F98 /* LaunchScreen.storyboard */,
				9661558C1DB51BBD00BF0F98 /* Assets.xcassets */,
			);
			name = View;
			sourceTree = "<group>";
		};
		966155A71DB527D400BF0F98 /* Controller */ = {
			isa = PBXGroup;
			children = (
				966155871DB51BBD00BF0F98 /* ViewController.swift */,
				966155AD1DB5522B00BF0F98 /* TravelLocationsViewController.swift */,
				966155AF1DB5524600BF0F98 /* PhotoAlbumViewController.swift */,
			);
			name = Controller;
			sourceTree = "<group>";
		};
		966155A81DB527DA00BF0F98 /* Assets */ = {
			isa = PBXGroup;
			children = (
				966155911DB51BBD00BF0F98 /* Info.plist */,
			);
			name = Assets;
			sourceTree = "<group>";
		};
/* End PBXGroup section */

/* Begin PBXNativeTarget section */
		966155811DB51BBC00BF0F98 /* VirtualTourist */ = {
			isa = PBXNativeTarget;
			buildConfigurationList = 9661559F1DB51BBD00BF0F98 /* Build configuration list for PBXNativeTarget "VirtualTourist" */;
			buildPhases = (
				9661557E1DB51BBC00BF0F98 /* Sources */,
				9661557F1DB51BBC00BF0F98 /* Frameworks */,
				966155801DB51BBC00BF0F98 /* Resources */,
			);
			buildRules = (
			);
			dependencies = (
			);
			name = VirtualTourist;
			productName = VirtualTourist;
			productReference = 966155821DB51BBD00BF0F98 /* VirtualTourist.app */;
			productType = "com.apple.product-type.application";
		};
		966155951DB51BBD00BF0F98 /* VirtualTouristTests */ = {
			isa = PBXNativeTarget;
			buildConfigurationList = 966155A21DB51BBD00BF0F98 /* Build configuration list for PBXNativeTarget "VirtualTouristTests" */;
			buildPhases = (
				966155921DB51BBD00BF0F98 /* Sources */,
				966155931DB51BBD00BF0F98 /* Frameworks */,
				966155941DB51BBD00BF0F98 /* Resources */,
			);
			buildRules = (
			);
			dependencies = (
				966155981DB51BBD00BF0F98 /* PBXTargetDependency */,
			);
			name = VirtualTouristTests;
			productName = VirtualTouristTests;
			productReference = 966155961DB51BBD00BF0F98 /* VirtualTouristTests.xctest */;
			productType = "com.apple.product-type.bundle.unit-test";
		};
/* End PBXNativeTarget section */

/* Begin PBXProject section */
		9661557A1DB51BBC00BF0F98 /* Project object */ = {
			isa = PBXProject;
			attributes = {
				LastSwiftUpdateCheck = 0800;
				LastUpgradeCheck = 0800;
				ORGANIZATIONNAME = "Joshua Kelley";
				TargetAttributes = {
					966155811DB51BBC00BF0F98 = {
						CreatedOnToolsVersion = 8.0;
						DevelopmentTeam = SL3UG94968;
						ProvisioningStyle = Automatic;
					};
					966155951DB51BBD00BF0F98 = {
						CreatedOnToolsVersion = 8.0;
						DevelopmentTeam = SL3UG94968;
						ProvisioningStyle = Automatic;
						TestTargetID = 966155811DB51BBC00BF0F98;
					};
				};
			};
			buildConfigurationList = 9661557D1DB51BBC00BF0F98 /* Build configuration list for PBXProject "VirtualTourist" */;
			compatibilityVersion = "Xcode 3.2";
			developmentRegion = English;
			hasScannedForEncodings = 0;
			knownRegions = (
				en,
				Base,
			);
			mainGroup = 966155791DB51BBC00BF0F98;
			productRefGroup = 966155831DB51BBD00BF0F98 /* Products */;
			projectDirPath = "";
			projectRoot = "";
			targets = (
				966155811DB51BBC00BF0F98 /* VirtualTourist */,
				966155951DB51BBD00BF0F98 /* VirtualTouristTests */,
			);
		};
/* End PBXProject section */

/* Begin PBXResourcesBuildPhase section */
		966155801DB51BBC00BF0F98 /* Resources */ = {
			isa = PBXResourcesBuildPhase;
			buildActionMask = 2147483647;
			files = (
				966155901DB51BBD00BF0F98 /* LaunchScreen.storyboard in Resources */,
				9661558D1DB51BBD00BF0F98 /* Assets.xcassets in Resources */,
				9661558B1DB51BBD00BF0F98 /* Main.storyboard in Resources */,
			);
			runOnlyForDeploymentPostprocessing = 0;
		};
		966155941DB51BBD00BF0F98 /* Resources */ = {
			isa = PBXResourcesBuildPhase;
			buildActionMask = 2147483647;
			files = (
			);
			runOnlyForDeploymentPostprocessing = 0;
		};
/* End PBXResourcesBuildPhase section */

/* Begin PBXSourcesBuildPhase section */
		9661557E1DB51BBC00BF0F98 /* Sources */ = {
			isa = PBXSourcesBuildPhase;
			buildActionMask = 2147483647;
			files = (
				966155881DB51BBD00BF0F98 /* ViewController.swift in Sources */,
				966155AC1DB5286F00BF0F98 /* Config.swift in Sources */,
				962B51D91DB80D3F00A5E341 /* FlickrClient.swift in Sources */,
				966155861DB51BBD00BF0F98 /* AppDelegate.swift in Sources */,
				966155AE1DB5522B00BF0F98 /* TravelLocationsViewController.swift in Sources */,
				966155AA1DB5282800BF0F98 /* AppConstants.swift in Sources */,
				966155B01DB5524600BF0F98 /* PhotoAlbumViewController.swift in Sources */,
			);
			runOnlyForDeploymentPostprocessing = 0;
		};
		966155921DB51BBD00BF0F98 /* Sources */ = {
			isa = PBXSourcesBuildPhase;
			buildActionMask = 2147483647;
			files = (
				9661559B1DB51BBD00BF0F98 /* VirtualTouristTests.swift in Sources */,
			);
			runOnlyForDeploymentPostprocessing = 0;
		};
/* End PBXSourcesBuildPhase section */

/* Begin PBXTargetDependency section */
		966155981DB51BBD00BF0F98 /* PBXTargetDependency */ = {
			isa = PBXTargetDependency;
			target = 966155811DB51BBC00BF0F98 /* VirtualTourist */;
			targetProxy = 966155971DB51BBD00BF0F98 /* PBXContainerItemProxy */;
		};
/* End PBXTargetDependency section */

/* Begin PBXVariantGroup section */
		966155891DB51BBD00BF0F98 /* Main.storyboard */ = {
			isa = PBXVariantGroup;
			children = (
				9661558A1DB51BBD00BF0F98 /* Base */,
			);
			name = Main.storyboard;
			sourceTree = "<group>";
		};
		9661558E1DB51BBD00BF0F98 /* LaunchScreen.storyboard */ = {
			isa = PBXVariantGroup;
			children = (
				9661558F1DB51BBD00BF0F98 /* Base */,
			);
			name = LaunchScreen.storyboard;
			sourceTree = "<group>";
		};
/* End PBXVariantGroup section */

/* Begin XCBuildConfiguration section */
		9661559D1DB51BBD00BF0F98 /* Debug */ = {
			isa = XCBuildConfiguration;
			buildSettings = {
				ALWAYS_SEARCH_USER_PATHS = NO;
				CLANG_ANALYZER_NONNULL = YES;
				CLANG_CXX_LANGUAGE_STANDARD = "gnu++0x";
				CLANG_CXX_LIBRARY = "libc++";
				CLANG_ENABLE_MODULES = YES;
				CLANG_ENABLE_OBJC_ARC = YES;
				CLANG_WARN_BOOL_CONVERSION = YES;
				CLANG_WARN_CONSTANT_CONVERSION = YES;
				CLANG_WARN_DIRECT_OBJC_ISA_USAGE = YES_ERROR;
				CLANG_WARN_DOCUMENTATION_COMMENTS = YES;
				CLANG_WARN_EMPTY_BODY = YES;
				CLANG_WARN_ENUM_CONVERSION = YES;
				CLANG_WARN_INFINITE_RECURSION = YES;
				CLANG_WARN_INT_CONVERSION = YES;
				CLANG_WARN_OBJC_ROOT_CLASS = YES_ERROR;
				CLANG_WARN_SUSPICIOUS_MOVES = YES;
				CLANG_WARN_UNREACHABLE_CODE = YES;
				CLANG_WARN__DUPLICATE_METHOD_MATCH = YES;
				"CODE_SIGN_IDENTITY[sdk=iphoneos*]" = "iPhone Developer";
				COPY_PHASE_STRIP = NO;
				DEBUG_INFORMATION_FORMAT = dwarf;
				ENABLE_STRICT_OBJC_MSGSEND = YES;
				ENABLE_TESTABILITY = YES;
				GCC_C_LANGUAGE_STANDARD = gnu99;
				GCC_DYNAMIC_NO_PIC = NO;
				GCC_NO_COMMON_BLOCKS = YES;
				GCC_OPTIMIZATION_LEVEL = 0;
				GCC_PREPROCESSOR_DEFINITIONS = (
					"DEBUG=1",
					"$(inherited)",
				);
				GCC_WARN_64_TO_32_BIT_CONVERSION = YES;
				GCC_WARN_ABOUT_RETURN_TYPE = YES_ERROR;
				GCC_WARN_UNDECLARED_SELECTOR = YES;
				GCC_WARN_UNINITIALIZED_AUTOS = YES_AGGRESSIVE;
				GCC_WARN_UNUSED_FUNCTION = YES;
				GCC_WARN_UNUSED_VARIABLE = YES;
				IPHONEOS_DEPLOYMENT_TARGET = 10.0;
				MTL_ENABLE_DEBUG_INFO = YES;
				ONLY_ACTIVE_ARCH = YES;
				SDKROOT = iphoneos;
				SWIFT_ACTIVE_COMPILATION_CONDITIONS = DEBUG;
				SWIFT_OPTIMIZATION_LEVEL = "-Onone";
				TARGETED_DEVICE_FAMILY = "1,2";
			};
			name = Debug;
		};
		9661559E1DB51BBD00BF0F98 /* Release */ = {
			isa = XCBuildConfiguration;
			buildSettings = {
				ALWAYS_SEARCH_USER_PATHS = NO;
				CLANG_ANALYZER_NONNULL = YES;
				CLANG_CXX_LANGUAGE_STANDARD = "gnu++0x";
				CLANG_CXX_LIBRARY = "libc++";
				CLANG_ENABLE_MODULES = YES;
				CLANG_ENABLE_OBJC_ARC = YES;
				CLANG_WARN_BOOL_CONVERSION = YES;
				CLANG_WARN_CONSTANT_CONVERSION = YES;
				CLANG_WARN_DIRECT_OBJC_ISA_USAGE = YES_ERROR;
				CLANG_WARN_DOCUMENTATION_COMMENTS = YES;
				CLANG_WARN_EMPTY_BODY = YES;
				CLANG_WARN_ENUM_CONVERSION = YES;
				CLANG_WARN_INFINITE_RECURSION = YES;
				CLANG_WARN_INT_CONVERSION = YES;
				CLANG_WARN_OBJC_ROOT_CLASS = YES_ERROR;
				CLANG_WARN_SUSPICIOUS_MOVES = YES;
				CLANG_WARN_UNREACHABLE_CODE = YES;
				CLANG_WARN__DUPLICATE_METHOD_MATCH = YES;
				"CODE_SIGN_IDENTITY[sdk=iphoneos*]" = "iPhone Developer";
				COPY_PHASE_STRIP = NO;
				DEBUG_INFORMATION_FORMAT = "dwarf-with-dsym";
				ENABLE_NS_ASSERTIONS = NO;
				ENABLE_STRICT_OBJC_MSGSEND = YES;
				GCC_C_LANGUAGE_STANDARD = gnu99;
				GCC_NO_COMMON_BLOCKS = YES;
				GCC_WARN_64_TO_32_BIT_CONVERSION = YES;
				GCC_WARN_ABOUT_RETURN_TYPE = YES_ERROR;
				GCC_WARN_UNDECLARED_SELECTOR = YES;
				GCC_WARN_UNINITIALIZED_AUTOS = YES_AGGRESSIVE;
				GCC_WARN_UNUSED_FUNCTION = YES;
				GCC_WARN_UNUSED_VARIABLE = YES;
				IPHONEOS_DEPLOYMENT_TARGET = 10.0;
				MTL_ENABLE_DEBUG_INFO = NO;
				SDKROOT = iphoneos;
				SWIFT_OPTIMIZATION_LEVEL = "-Owholemodule";
				TARGETED_DEVICE_FAMILY = "1,2";
				VALIDATE_PRODUCT = YES;
			};
			name = Release;
		};
		966155A01DB51BBD00BF0F98 /* Debug */ = {
			isa = XCBuildConfiguration;
			buildSettings = {
				ASSETCATALOG_COMPILER_APPICON_NAME = AppIcon;
				DEVELOPMENT_TEAM = SL3UG94968;
				INFOPLIST_FILE = VirtualTourist/Info.plist;
				LD_RUNPATH_SEARCH_PATHS = "$(inherited) @executable_path/Frameworks";
				PRODUCT_BUNDLE_IDENTIFIER = com.joshuadavidkelley.VirtualTourist;
				PRODUCT_NAME = "$(TARGET_NAME)";
				SWIFT_VERSION = 3.0;
			};
			name = Debug;
		};
		966155A11DB51BBD00BF0F98 /* Release */ = {
			isa = XCBuildConfiguration;
			buildSettings = {
				ASSETCATALOG_COMPILER_APPICON_NAME = AppIcon;
				DEVELOPMENT_TEAM = SL3UG94968;
				INFOPLIST_FILE = VirtualTourist/Info.plist;
				LD_RUNPATH_SEARCH_PATHS = "$(inherited) @executable_path/Frameworks";
				PRODUCT_BUNDLE_IDENTIFIER = com.joshuadavidkelley.VirtualTourist;
				PRODUCT_NAME = "$(TARGET_NAME)";
				SWIFT_VERSION = 3.0;
			};
			name = Release;
		};
		966155A31DB51BBD00BF0F98 /* Debug */ = {
			isa = XCBuildConfiguration;
			buildSettings = {
				ALWAYS_EMBED_SWIFT_STANDARD_LIBRARIES = YES;
				BUNDLE_LOADER = "$(TEST_HOST)";
				DEVELOPMENT_TEAM = SL3UG94968;
				INFOPLIST_FILE = VirtualTouristTests/Info.plist;
				LD_RUNPATH_SEARCH_PATHS = "$(inherited) @executable_path/Frameworks @loader_path/Frameworks";
				PRODUCT_BUNDLE_IDENTIFIER = com.joshuadavidkelley.VirtualTouristTests;
				PRODUCT_NAME = "$(TARGET_NAME)";
				SWIFT_VERSION = 3.0;
				TEST_HOST = "$(BUILT_PRODUCTS_DIR)/VirtualTourist.app/VirtualTourist";
			};
			name = Debug;
		};
		966155A41DB51BBD00BF0F98 /* Release */ = {
			isa = XCBuildConfiguration;
			buildSettings = {
				ALWAYS_EMBED_SWIFT_STANDARD_LIBRARIES = YES;
				BUNDLE_LOADER = "$(TEST_HOST)";
				DEVELOPMENT_TEAM = SL3UG94968;
				INFOPLIST_FILE = VirtualTouristTests/Info.plist;
				LD_RUNPATH_SEARCH_PATHS = "$(inherited) @executable_path/Frameworks @loader_path/Frameworks";
				PRODUCT_BUNDLE_IDENTIFIER = com.joshuadavidkelley.VirtualTouristTests;
				PRODUCT_NAME = "$(TARGET_NAME)";
				SWIFT_VERSION = 3.0;
				TEST_HOST = "$(BUILT_PRODUCTS_DIR)/VirtualTourist.app/VirtualTourist";
			};
			name = Release;
		};
/* End XCBuildConfiguration section */

/* Begin XCConfigurationList section */
		9661557D1DB51BBC00BF0F98 /* Build configuration list for PBXProject "VirtualTourist" */ = {
			isa = XCConfigurationList;
			buildConfigurations = (
				9661559D1DB51BBD00BF0F98 /* Debug */,
				9661559E1DB51BBD00BF0F98 /* Release */,
			);
			defaultConfigurationIsVisible = 0;
			defaultConfigurationName = Release;
		};
		9661559F1DB51BBD00BF0F98 /* Build configuration list for PBXNativeTarget "VirtualTourist" */ = {
			isa = XCConfigurationList;
			buildConfigurations = (
				966155A01DB51BBD00BF0F98 /* Debug */,
				966155A11DB51BBD00BF0F98 /* Release */,
			);
			defaultConfigurationIsVisible = 0;
			defaultConfigurationName = Release;
		};
		966155A21DB51BBD00BF0F98 /* Build configuration list for PBXNativeTarget "VirtualTouristTests" */ = {
			isa = XCConfigurationList;
			buildConfigurations = (
				966155A31DB51BBD00BF0F98 /* Debug */,
				966155A41DB51BBD00BF0F98 /* Release */,
			);
			defaultConfigurationIsVisible = 0;
			defaultConfigurationName = Release;
		};
/* End XCConfigurationList section */
	};
	rootObject = 9661557A1DB51BBC00BF0F98 /* Project object */;
}
